github.com/go-zeromq/goczmq/v4 v4.2.2 h1:HAJN+i+3NW55ijMJJhk7oWxHKXgAuSBkoFfvr8bYj4U=
github.com/go-zeromq/goczmq/v4 v4.2.2/go.mod h1:Sm/lxrfxP/Oxqs0tnHD6WAhwkWrx+S+1MRrKzcxoaYE=
github.com/go-zeromq/zmq4 v0.9.0 h1:aFkxnxJvYhXCrE7UhoRR6oP6wqanjkuO2nA0nMsnm0g=
github.com/go-zeromq/zmq4 v0.9.0/go.mod h1:hCJ0OxYnL3Y3erSLQ025VLGi/W63zJjvr9i17oU2P24=
github.com/go-zeromq/zmq4 v0.13.0 h1:XUWXLyeRsPsv4KlKMXnv/cEm//Vew2RLuNmDFQnZQXU=
github.com/go-zeromq/zmq4 v0.13.0/go.mod h1:TrFwdPHMSLG7Rhp8OVhQBkb4bSajfucWv8rwoEFIgSY=
github.com/gofrs/uuid v3.3.0+incompatible h1:8K4tyRfvU1CYPgJsveYFQMhpFd/wXNM7iK6rR7UHz84=
github.com/gofrs/uuid v3.3.0+incompatible/go.mod h1:b2aQJv3Z4Fp6yNu3cdSllBxTCLRxnplIgP/c0N/04lM=
github.com/gofrs/uuid v4.0.0+incompatible h1:1SD/1F5pU8p29ybwgQSwpQk+mwdRrXCYuPhW6m+TnJw=
github.com/gofrs/uuid v4.0.0+incompatible/go.mod h1:b2aQJv3Z4Fp6yNu3cdSllBxTCLRxnplIgP/c0N/04lM=
github.com/goplus/gop v0.7.17 h1:c0Q65aRifWgETyWOZUAEhtnzdin4KGbwRUCp/RHPaGA=
github.com/goplus/gop v0.7.17/go.mod h1:gmw+qgryU6Gju869uxVKRJunUoUTp6mZPLER/O+RlPY=
github.com/goplus/gop v0.7.18-0.20210304005713-6447ddf1aa06 h1:qlWpXwH3AFr68K5ujPCV5FpFN0wa9oZbsEoDZFJGjrY=
github.com/goplus/gop v0.7.18-0.20210304005713-6447ddf1aa06/go.mod h1:gmw+qgryU6Gju869uxVKRJunUoUTp6mZPLER/O+RlPY=
github.com/goplus/reflectx v0.3.1 h1:qf45CZJfo4VqbuMFyOjrjnF7LDIHoB9c6ltbejQLuvw=
github.com/goplus/reflectx v0.3.1/go.mod h1:XPDe5lYQ/8FN05bhqv6r1hhLxwmYIkZ5UvIkN1GNRYg=
github.com/goplus/reflectx v0.5.0 h1:KFmNcnLcjy0sz+9BWCoxNU+0qo8oJPbIE71EcG3fAKM=
github.com/goplus/reflectx v0.5.0/go.mod h1:XPDe5lYQ/8FN05bhqv6r1hhLxwmYIkZ5UvIkN1GNRYg=
github.com/mattn/go-runewidth v0.0.3/go.mod h1:LwmH8dsx7+W8Uxz3IHJYH5QSwggIsqBzpuz5H//U1FU=
github.com/peterh/liner v1.2.0 h1:w/UPXyl5GfahFxcTOz2j9wCIHNI+pUPr2laqpojKNCg=
github.com/peterh/liner v1.2.0/go.mod h1:CRroGNssyjTd/qIG2FyxByd2S8JEAZXBl4qUrZf8GS0=
github.com/qiniu/x v1.11.5 h1:TYr5cl4g2yoHAZeDK4MTjKF6CMoG+IHlCDvvM5qym6U=
github.com/qiniu/x v1.11.5/go.mod h1:03Ni9tj+N2h2aKnAz+6N0Xfl8FwMEDRC2PAlxekASDs=
golang.org/x/sync v0.0.0-20190423024810-112230192c58 h1:8gQV6CLnAEikrhgkHFbMAEhagSSnXWGV915qUMm9mrU=
golang.org/x/sync v0.0.0-20190423024810-112230192c58/go.mod h1:RxMgew5VJxzue5/jJTE5uejpjVlOe/izrB70Jof72aM=
golang.org/x/sync v0.0.0-20210220032951-036812b2e83c h1:5KslGYwFpkhGh+Q16bwMP3cOontH8FOep7tGV86Y7SQ=
golang.org/x/sync v0.0.0-20210220032951-036812b2e83c/go.mod h1:RxMgew5VJxzue5/jJTE5uejpjVlOe/izrB70Jof72aM=
golang.org/x/xerrors v0.0.0-20190717185122-a985d3407aa7/go.mod h1:I/5z698sn9Ka8TeJc9MKroUUfqBBauWjQqLJ2OPfmY0=
golang.org/x/xerrors v0.0.0-20191204190536-9bdfabe68543 h1:E7g+9GITq07hpfrRu66IVDexMakfv52eLZ2CXBWiKr4=
golang.org/x/xerrors v0.0.0-20191204190536-9bdfabe68543/go.mod h1:I/5z698sn9Ka8TeJc9MKroUUfqBBauWjQqLJ2OPfmY0=
golang.org/x/xerrors v0.0.0-20200804184101-5ec99f83aff1 h1:go1bK/D/BFZV2I8cIQd1NKEZ+0owSTG1fDTci4IqFcE=
golang.org/x/xerrors v0.0.0-20200804184101-5ec99f83aff1/go.mod h1:I/5z698sn9Ka8TeJc9MKroUUfqBBauWjQqLJ2OPfmY0=
